{
  "version": 4,
  "terraform_version": "1.6.5",
  "serial": 14,
  "lineage": "096f0c75-ac19-1d01-3091-fcc3b78bfc94",
  "outputs": {},
  "resources": [
    {
      "mode": "data",
      "type": "digitalocean_project",
      "name": "TrollParts",
      "provider": "provider[\"registry.terraform.io/digitalocean/digitalocean\"]",
      "instances": [
        {
          "schema_version": 0,
          "attributes": {
            "created_at": "2023-11-30T21:44:56Z",
            "description": "Cloud Infrastructures UTP",
            "environment": "Production",
            "id": "d93e8996-31b9-45b0-a05d-780d273d29a0",
            "is_default": false,
            "name": "TrollParts",
            "owner_id": 15286294,
            "owner_uuid": "a8778f7d-9efa-444e-aa28-f00ed4c11e57",
            "purpose": "Class project / Educational purposes",
            "resources": [],
            "updated_at": "2023-12-03T20:10:46Z"
          },
          "sensitive_attributes": []
        }
      ]
    },
    {
      "mode": "managed",
      "type": "digitalocean_droplet",
      "name": "web-site",
      "provider": "provider[\"registry.terraform.io/digitalocean/digitalocean\"]",
      "instances": [
        {
          "schema_version": 1,
          "attributes": {
            "backups": false,
            "created_at": "2023-12-03T20:16:55Z",
            "disk": 25,
            "droplet_agent": null,
            "graceful_shutdown": false,
            "id": "388247227",
            "image": "ubuntu-22-04-x64",
            "ipv4_address": "159.89.5.147",
            "ipv4_address_private": "10.114.0.2",
            "ipv6": false,
            "ipv6_address": "",
            "locked": false,
            "memory": 1024,
            "monitoring": false,
            "name": "terraform-test",
            "price_hourly": 0.00893,
            "price_monthly": 6,
            "private_networking": true,
            "region": "fra1",
            "resize_disk": true,
            "size": "s-1vcpu-1gb",
            "ssh_keys": null,
            "status": "active",
            "tags": null,
            "timeouts": null,
            "urn": "do:droplet:388247227",
            "user_data": null,
            "vcpus": 1,
            "volume_ids": [],
            "vpc_uuid": "6a1eed2c-15b4-4c4f-85af-11add5e2d680"
          },
          "sensitive_attributes": [],
          "private": "eyJlMmJmYjczMC1lY2FhLTExZTYtOGY4OC0zNDM2M2JjN2M0YzAiOnsiY3JlYXRlIjozNjAwMDAwMDAwMDAwLCJkZWxldGUiOjYwMDAwMDAwMDAwLCJ1cGRhdGUiOjM2MDAwMDAwMDAwMDB9LCJzY2hlbWFfdmVyc2lvbiI6IjEifQ=="
        }
      ]
    },
    {
      "mode": "managed",
      "type": "digitalocean_project_resources",
      "name": "TrollParts",
      "provider": "provider[\"registry.terraform.io/digitalocean/digitalocean\"]",
      "instances": [
        {
          "schema_version": 0,
          "attributes": {
            "id": "d93e8996-31b9-45b0-a05d-780d273d29a0",
            "project": "d93e8996-31b9-45b0-a05d-780d273d29a0",
            "resources": [
              "do:droplet:388247227"
            ]
          },
          "sensitive_attributes": [],
          "private": "bnVsbA==",
          "dependencies": [
            "data.digitalocean_project.TrollParts",
            "digitalocean_droplet.web-site"
          ]
        }
      ]
    }
  ],
  "check_results": null
}
